<?xml version="1.0" encoding="utf-8"?>
<Project ToolsVersion="4.0" xmlns="http://schemas.microsoft.com/developer/msbuild/2003">
  <ItemGroup>
    <ClCompile Include="PointsComparation.cpp">
      <Filter>Source Files</Filter>
    </ClCompile>
    <ClCompile Include="GetData.cpp">
      <Filter>Source Files</Filter>
    </ClCompile>
    <ClCompile Include="DetectCoin.cpp">
      <Filter>Source Files</Filter>
    </ClCompile>
    <ClCompile Include="CoinsSegmentation.cpp">
      <Filter>Source Files</Filter>
    </ClCompile>
    <ClCompile Include="CoinsFindingSource.cpp">
      <Filter>Source Files</Filter>
    </ClCompile>
    <ClCompile Include="Histogram.cpp">
      <Filter>Source Files</Filter>
    </ClCompile>
  </ItemGroup>
  <ItemGroup>
    <ClInclude Include="CoinsSegmentation.h">
      <Filter>Header Files</Filter>
    </ClInclude>
    <ClInclude Include="DetectSilverColor.h">
      <Filter>Header Files</Filter>
    </ClInclude>
    <ClInclude Include="DetectCoin.h">
      <Filter>Header Files</Filter>
    </ClInclude>
    <ClInclude Include="GetData.h">
      <Filter>Header Files</Filter>
    </ClInclude>
    <ClInclude Include="PointsComparation.h">
      <Filter>Header Files</Filter>
    </ClInclude>
    <ClInclude Include="Histogram.h">
      <Filter>Header Files</Filter>
    </ClInclude>
  </ItemGroup>
  <ItemGroup>
    <Text Include="AverageValue.txt" />
  </ItemGroup>
  <ItemGroup>
    <Filter Include="Header Files">
      <UniqueIdentifier>{89de3d55-6c4c-40b6-b9e9-3763144327d9}</UniqueIdentifier>
    </Filter>
    <Filter Include="Source Files">
      <UniqueIdentifier>{b432ff4c-673f-4a28-9a4d-2abab675e182}</UniqueIdentifier>
    </Filter>
  </ItemGroup>
</Project>